// !$*UTF8*$!
{
	archiveVersion = 1;
	classes = {
	};
	objectVersion = 56;
	objects = {

/* Begin PBXBuildFile section */
		F5B823E12BF3AE2B00E2975B /* LMStudio_mac_appApp.swift in Sources */ = {isa = PBXBuildFile; fileRef = F5B823E02BF3AE2B00E2975B /* LMStudio_mac_appApp.swift */; };
		F5B823E32BF3AE2B00E2975B /* ContentView.swift in Sources */ = {isa = PBXBuildFile; fileRef = F5B823E22BF3AE2B00E2975B /* ContentView.swift */; };
		F5B823E52BF3AE2D00E2975B /* Assets.xcassets in Resources */ = {isa = PBXBuildFile; fileRef = F5B823E42BF3AE2D00E2975B /* Assets.xcassets */; };
		F5B823E82BF3AE2D00E2975B /* Preview Assets.xcassets in Resources */ = {isa = PBXBuildFile; fileRef = F5B823E72BF3AE2D00E2975B /* Preview Assets.xcassets */; };
		F5B823F32BF3AE2D00E2975B /* LMStudio_mac_appTests.swift in Sources */ = {isa = PBXBuildFile; fileRef = F5B823F22BF3AE2D00E2975B /* LMStudio_mac_appTests.swift */; };
		F5B823FD2BF3AE2D00E2975B /* LMStudio_mac_appUITests.swift in Sources */ = {isa = PBXBuildFile; fileRef = F5B823FC2BF3AE2D00E2975B /* LMStudio_mac_appUITests.swift */; };
		F5B823FF2BF3AE2D00E2975B /* LMStudio_mac_appUITestsLaunchTests.swift in Sources */ = {isa = PBXBuildFile; fileRef = F5B823FE2BF3AE2D00E2975B /* LMStudio_mac_appUITestsLaunchTests.swift */; };
/* End PBXBuildFile section */

/* Begin PBXContainerItemProxy section */
		F5B823EF2BF3AE2D00E2975B /* PBXContainerItemProxy */ = {
			isa = PBXContainerItemProxy;
			containerPortal = F5B823D52BF3AE2B00E2975B /* Project object */;
			proxyType = 1;
			remoteGlobalIDString = F5B823DC2BF3AE2B00E2975B;
			remoteInfo = "LMStudio-mac-app";
		};
		F5B823F92BF3AE2D00E2975B /* PBXContainerItemProxy */ = {
			isa = PBXContainerItemProxy;
			containerPortal = F5B823D52BF3AE2B00E2975B /* Project object */;
			proxyType = 1;
			remoteGlobalIDString = F5B823DC2BF3AE2B00E2975B;
			remoteInfo = "LMStudio-mac-app";
		};
/* End PBXContainerItemProxy section */

/* Begin PBXFileReference section */
		F5B823DD2BF3AE2B00E2975B /* LMStudio-mac-app.app */ = {isa = PBXFileReference; explicitFileType = wrapper.application; includeInIndex = 0; path = "LMStudio-mac-app.app"; sourceTree = BUILT_PRODUCTS_DIR; };
		F5B823E02BF3AE2B00E2975B /* LMStudio_mac_appApp.swift */ = {isa = PBXFileReference; lastKnownFileType = sourcecode.swift; path = LMStudio_mac_appApp.swift; sourceTree = "<group>"; };
		F5B823E22BF3AE2B00E2975B /* ContentView.swift */ = {isa = PBXFileReference; lastKnownFileType = sourcecode.swift; path = ContentView.swift; sourceTree = "<group>"; };
		F5B823E42BF3AE2D00E2975B /* Assets.xcassets */ = {isa = PBXFileReference; lastKnownFileType = folder.assetcatalog; path = Assets.xcassets; sourceTree = "<group>"; };
		F5B823E72BF3AE2D00E2975B /* Preview Assets.xcassets */ = {isa = PBXFileReference; lastKnownFileType = folder.assetcatalog; path = "Preview Assets.xcassets"; sourceTree = "<group>"; };
		F5B823E92BF3AE2D00E2975B /* LMStudio_mac_app.entitlements */ = {isa = PBXFileReference; lastKnownFileType = text.plist.entitlements; path = LMStudio_mac_app.entitlements; sourceTree = "<group>"; };
		F5B823EE2BF3AE2D00E2975B /* LMStudio-mac-appTests.xctest */ = {isa = PBXFileReference; explicitFileType = wrapper.cfbundle; includeInIndex = 0; path = "LMStudio-mac-appTests.xctest"; sourceTree = BUILT_PRODUCTS_DIR; };
		F5B823F22BF3AE2D00E2975B /* LMStudio_mac_appTests.swift */ = {isa = PBXFileReference; lastKnownFileType = sourcecode.swift; path = LMStudio_mac_appTests.swift; sourceTree = "<group>"; };
		F5B823F82BF3AE2D00E2975B /* LMStudio-mac-appUITests.xctest */ = {isa = PBXFileReference; explicitFileType = wrapper.cfbundle; includeInIndex = 0; path = "LMStudio-mac-appUITests.xctest"; sourceTree = BUILT_PRODUCTS_DIR; };
		F5B823FC2BF3AE2D00E2975B /* LMStudio_mac_appUITests.swift */ = {isa = PBXFileReference; lastKnownFileType = sourcecode.swift; path = LMStudio_mac_appUITests.swift; sourceTree = "<group>"; };
		F5B823FE2BF3AE2D00E2975B /* LMStudio_mac_appUITestsLaunchTests.swift */ = {isa = PBXFileReference; lastKnownFileType = sourcecode.swift; path = LMStudio_mac_appUITestsLaunchTests.swift; sourceTree = "<group>"; };
/* End PBXFileReference section */

/* Begin PBXFrameworksBuildPhase section */
		F5B823DA2BF3AE2B00E2975B /* Frameworks */ = {
			isa = PBXFrameworksBuildPhase;
			buildActionMask = 2147483647;
			files = (
			);
			runOnlyForDeploymentPostprocessing = 0;
		};
		F5B823EB2BF3AE2D00E2975B /* Frameworks */ = {
			isa = PBXFrameworksBuildPhase;
			buildActionMask = 2147483647;
			files = (
			);
			runOnlyForDeploymentPostprocessing = 0;
		};
		F5B823F52BF3AE2D00E2975B /* Frameworks */ = {
			isa = PBXFrameworksBuildPhase;
			buildActionMask = 2147483647;
			files = (
			);
			runOnlyForDeploymentPostprocessing = 0;
		};
/* End PBXFrameworksBuildPhase section */

/* Begin PBXGroup section */
		F5B823D42BF3AE2B00E2975B = {
			isa = PBXGroup;
			children = (
				F5B823DF2BF3AE2B00E2975B /* LMStudio-mac-app */,
				F5B823F12BF3AE2D00E2975B /* LMStudio-mac-appTests */,
				F5B823FB2BF3AE2D00E2975B /* LMStudio-mac-appUITests */,
				F5B823DE2BF3AE2B00E2975B /* Products */,
			);
			sourceTree = "<group>";
		};
		F5B823DE2BF3AE2B00E2975B /* Products */ = {
			isa = PBXGroup;
			children = (
				F5B823DD2BF3AE2B00E2975B /* LMStudio-mac-app.app */,
				F5B823EE2BF3AE2D00E2975B /* LMStudio-mac-appTests.xctest */,
				F5B823F82BF3AE2D00E2975B /* LMStudio-mac-appUITests.xctest */,
			);
			name = Products;
			sourceTree = "<group>";
		};
		F5B823DF2BF3AE2B00E2975B /* LMStudio-mac-app */ = {
			isa = PBXGroup;
			children = (
				F5B823E02BF3AE2B00E2975B /* LMStudio_mac_appApp.swift */,
				F5B823E22BF3AE2B00E2975B /* ContentView.swift */,
				F5B823E42BF3AE2D00E2975B /* Assets.xcassets */,
				F5B823E92BF3AE2D00E2975B /* LMStudio_mac_app.entitlements */,
				F5B823E62BF3AE2D00E2975B /* Preview Content */,
			);
			path = "LMStudio-mac-app";
			sourceTree = "<group>";
		};
		F5B823E62BF3AE2D00E2975B /* Preview Content */ = {
			isa = PBXGroup;
			children = (
				F5B823E72BF3AE2D00E2975B /* Preview Assets.xcassets */,
			);
			path = "Preview Content";
			sourceTree = "<group>";
		};
		F5B823F12BF3AE2D00E2975B /* LMStudio-mac-appTests */ = {
			isa = PBXGroup;
			children = (
				F5B823F22BF3AE2D00E2975B /* LMStudio_mac_appTests.swift */,
			);
			path = "LMStudio-mac-appTests";
			sourceTree = "<group>";
		};
		F5B823FB2BF3AE2D00E2975B /* LMStudio-mac-appUITests */ = {
			isa = PBXGroup;
			children = (
				F5B823FC2BF3AE2D00E2975B /* LMStudio_mac_appUITests.swift */,
				F5B823FE2BF3AE2D00E2975B /* LMStudio_mac_appUITestsLaunchTests.swift */,
			);
			path = "LMStudio-mac-appUITests";
			sourceTree = "<group>";
		};
/* End PBXGroup section */

/* Begin PBXNativeTarget section */
		F5B823DC2BF3AE2B00E2975B /* LMStudio-mac-app */ = {
			isa = PBXNativeTarget;
			buildConfigurationList = F5B824022BF3AE2D00E2975B /* Build configuration list for PBXNativeTarget "LMStudio-mac-app" */;
			buildPhases = (
				F5B823D92BF3AE2B00E2975B /* Sources */,
				F5B823DA2BF3AE2B00E2975B /* Frameworks */,
				F5B823DB2BF3AE2B00E2975B /* Resources */,
			);
			buildRules = (
			);
			dependencies = (
			);
			name = "LMStudio-mac-app";
			productName = "LMStudio-mac-app";
			productReference = F5B823DD2BF3AE2B00E2975B /* LMStudio-mac-app.app */;
			productType = "com.apple.product-type.application";
		};
		F5B823ED2BF3AE2D00E2975B /* LMStudio-mac-appTests */ = {
			isa = PBXNativeTarget;
			buildConfigurationList = F5B824052BF3AE2D00E2975B /* Build configuration list for PBXNativeTarget "LMStudio-mac-appTests" */;
			buildPhases = (
				F5B823EA2BF3AE2D00E2975B /* Sources */,
				F5B823EB2BF3AE2D00E2975B /* Frameworks */,
				F5B823EC2BF3AE2D00E2975B /* Resources */,
			);
			buildRules = (
			);
			dependencies = (
				F5B823F02BF3AE2D00E2975B /* PBXTargetDependency */,
			);
			name = "LMStudio-mac-appTests";
			productName = "LMStudio-mac-appTests";
			productReference = F5B823EE2BF3AE2D00E2975B /* LMStudio-mac-appTests.xctest */;
			productType = "com.apple.product-type.bundle.unit-test";
		};
		F5B823F72BF3AE2D00E2975B /* LMStudio-mac-appUITests */ = {
			isa = PBXNativeTarget;
			buildConfigurationList = F5B824082BF3AE2D00E2975B /* Build configuration list for PBXNativeTarget "LMStudio-mac-appUITests" */;
			buildPhases = (
				F5B823F42BF3AE2D00E2975B /* Sources */,
				F5B823F52BF3AE2D00E2975B /* Frameworks */,
				F5B823F62BF3AE2D00E2975B /* Resources */,
			);
			buildRules = (
			);
			dependencies = (
				F5B823FA2BF3AE2D00E2975B /* PBXTargetDependency */,
			);
			name = "LMStudio-mac-appUITests";
			productName = "LMStudio-mac-appUITests";
			productReference = F5B823F82BF3AE2D00E2975B /* LMStudio-mac-appUITests.xctest */;
			productType = "com.apple.product-type.bundle.ui-testing";
		};
/* End PBXNativeTarget section */

/* Begin PBXProject section */
		F5B823D52BF3AE2B00E2975B /* Project object */ = {
			isa = PBXProject;
			attributes = {
				BuildIndependentTargetsInParallel = 1;
				LastSwiftUpdateCheck = 1530;
				LastUpgradeCheck = 1530;
				TargetAttributes = {
					F5B823DC2BF3AE2B00E2975B = {
						CreatedOnToolsVersion = 15.3;
					};
					F5B823ED2BF3AE2D00E2975B = {
						CreatedOnToolsVersion = 15.3;
						TestTargetID = F5B823DC2BF3AE2B00E2975B;
					};
					F5B823F72BF3AE2D00E2975B = {
						CreatedOnToolsVersion = 15.3;
						TestTargetID = F5B823DC2BF3AE2B00E2975B;
					};
				};
			};
			buildConfigurationList = F5B823D82BF3AE2B00E2975B /* Build configuration list for PBXProject "LMStudio-mac-app" */;
			compatibilityVersion = "Xcode 14.0";
			developmentRegion = en;
			hasScannedForEncodings = 0;
			knownRegions = (
				en,
				Base,
			);
			mainGroup = F5B823D42BF3AE2B00E2975B;
			productRefGroup = F5B823DE2BF3AE2B00E2975B /* Products */;
			projectDirPath = "";
			projectRoot = "";
			targets = (
				F5B823DC2BF3AE2B00E2975B /* LMStudio-mac-app */,
				F5B823ED2BF3AE2D00E2975B /* LMStudio-mac-appTests */,
				F5B823F72BF3AE2D00E2975B /* LMStudio-mac-appUITests */,
			);
		};
/* End PBXProject section */

/* Begin PBXResourcesBuildPhase section */
		F5B823DB2BF3AE2B00E2975B /* Resources */ = {
			isa = PBXResourcesBuildPhase;
			buildActionMask = 2147483647;
			files = (
				F5B823E82BF3AE2D00E2975B /* Preview Assets.xcassets in Resources */,
				F5B823E52BF3AE2D00E2975B /* Assets.xcassets in Resources */,
			);
			runOnlyForDeploymentPostprocessing = 0;
		};
		F5B823EC2BF3AE2D00E2975B /* Resources */ = {
			isa = PBXResourcesBuildPhase;
			buildActionMask = 2147483647;
			files = (
			);
			runOnlyForDeploymentPostprocessing = 0;
		};
		F5B823F62BF3AE2D00E2975B /* Resources */ = {
			isa = PBXResourcesBuildPhase;
			buildActionMask = 2147483647;
			files = (
			);
			runOnlyForDeploymentPostprocessing = 0;
		};
/* End PBXResourcesBuildPhase section */

/* Begin PBXSourcesBuildPhase section */
		F5B823D92BF3AE2B00E2975B /* Sources */ = {
			isa = PBXSourcesBuildPhase;
			buildActionMask = 2147483647;
			files = (
				F5B823E32BF3AE2B00E2975B /* ContentView.swift in Sources */,
				F5B823E12BF3AE2B00E2975B /* LMStudio_mac_appApp.swift in Sources */,
			);
			runOnlyForDeploymentPostprocessing = 0;
		};
		F5B823EA2BF3AE2D00E2975B /* Sources */ = {
			isa = PBXSourcesBuildPhase;
			buildActionMask = 2147483647;
			files = (
				F5B823F32BF3AE2D00E2975B /* LMStudio_mac_appTests.swift in Sources */,
			);
			runOnlyForDeploymentPostprocessing = 0;
		};
		F5B823F42BF3AE2D00E2975B /* Sources */ = {
			isa = PBXSourcesBuildPhase;
			buildActionMask = 2147483647;
			files = (
				F5B823FD2BF3AE2D00E2975B /* LMStudio_mac_appUITests.swift in Sources */,
				F5B823FF2BF3AE2D00E2975B /* LMStudio_mac_appUITestsLaunchTests.swift in Sources */,
			);
			runOnlyForDeploymentPostprocessing = 0;
		};
/* End PBXSourcesBuildPhase section */

/* Begin PBXTargetDependency section */
		F5B823F02BF3AE2D00E2975B /* PBXTargetDependency */ = {
			isa = PBXTargetDependency;
			target = F5B823DC2BF3AE2B00E2975B /* LMStudio-mac-app */;
			targetProxy = F5B823EF2BF3AE2D00E2975B /* PBXContainerItemProxy */;
		};
		F5B823FA2BF3AE2D00E2975B /* PBXTargetDependency */ = {
			isa = PBXTargetDependency;
			target = F5B823DC2BF3AE2B00E2975B /* LMStudio-mac-app */;
			targetProxy = F5B823F92BF3AE2D00E2975B /* PBXContainerItemProxy */;
		};
/* End PBXTargetDependency section */

/* Begin XCBuildConfiguration section */
		F5B824002BF3AE2D00E2975B /* Debug */ = {
			isa = XCBuildConfiguration;
			buildSettings = {
				ALWAYS_SEARCH_USER_PATHS = NO;
				ASSETCATALOG_COMPILER_GENERATE_SWIFT_ASSET_SYMBOL_EXTENSIONS = YES;
				CLANG_ANALYZER_NONNULL = YES;
				CLANG_ANALYZER_NUMBER_OBJECT_CONVERSION = YES_AGGRESSIVE;
				CLANG_CXX_LANGUAGE_STANDARD = "gnu++20";
				CLANG_ENABLE_MODULES = YES;
				CLANG_ENABLE_OBJC_ARC = YES;
				CLANG_ENABLE_OBJC_WEAK = YES;
				CLANG_WARN_BLOCK_CAPTURE_AUTORELEASING = YES;
				CLANG_WARN_BOOL_CONVERSION = YES;
				CLANG_WARN_COMMA = YES;
				CLANG_WARN_CONSTANT_CONVERSION = YES;
				CLANG_WARN_DEPRECATED_OBJC_IMPLEMENTATIONS = YES;
				CLANG_WARN_DIRECT_OBJC_ISA_USAGE = YES_ERROR;
				CLANG_WARN_DOCUMENTATION_COMMENTS = YES;
				CLANG_WARN_EMPTY_BODY = YES;
				CLANG_WARN_ENUM_CONVERSION = YES;
				CLANG_WARN_INFINITE_RECURSION = YES;
				CLANG_WARN_INT_CONVERSION = YES;
				CLANG_WARN_NON_LITERAL_NULL_CONVERSION = YES;
				CLANG_WARN_OBJC_IMPLICIT_RETAIN_SELF = YES;
				CLANG_WARN_OBJC_LITERAL_CONVERSION = YES;
				CLANG_WARN_OBJC_ROOT_CLASS = YES_ERROR;
				CLANG_WARN_QUOTED_INCLUDE_IN_FRAMEWORK_HEADER = YES;
				CLANG_WARN_RANGE_LOOP_ANALYSIS = YES;
				CLANG_WARN_STRICT_PROTOTYPES = YES;
				CLANG_WARN_SUSPICIOUS_MOVE = YES;
				CLANG_WARN_UNGUARDED_AVAILABILITY = YES_AGGRESSIVE;
				CLANG_WARN_UNREACHABLE_CODE = YES;
				CLANG_WARN__DUPLICATE_METHOD_MATCH = YES;
				COPY_PHASE_STRIP = NO;
				DEBUG_INFORMATION_FORMAT = dwarf;
				ENABLE_STRICT_OBJC_MSGSEND = YES;
				ENABLE_TESTABILITY = YES;
				ENABLE_USER_SCRIPT_SANDBOXING = YES;
				GCC_C_LANGUAGE_STANDARD = gnu17;
				GCC_DYNAMIC_NO_PIC = NO;
				GCC_NO_COMMON_BLOCKS = YES;
				GCC_OPTIMIZATION_LEVEL = 0;
				GCC_PREPROCESSOR_DEFINITIONS = (
					"DEBUG=1",
					"$(inherited)",
				);
				GCC_WARN_64_TO_32_BIT_CONVERSION = YES;
				GCC_WARN_ABOUT_RETURN_TYPE = YES_ERROR;
				GCC_WARN_UNDECLARED_SELECTOR = YES;
				GCC_WARN_UNINITIALIZED_AUTOS = YES_AGGRESSIVE;
				GCC_WARN_UNUSED_FUNCTION = YES;
				GCC_WARN_UNUSED_VARIABLE = YES;
				LOCALIZATION_PREFERS_STRING_CATALOGS = YES;
				MACOSX_DEPLOYMENT_TARGET = 14.4;
				MTL_ENABLE_DEBUG_INFO = INCLUDE_SOURCE;
				MTL_FAST_MATH = YES;
				ONLY_ACTIVE_ARCH = YES;
				SDKROOT = macosx;
				SWIFT_ACTIVE_COMPILATION_CONDITIONS = "DEBUG $(inherited)";
				SWIFT_OPTIMIZATION_LEVEL = "-Onone";
			};
			name = Debug;
		};
		F5B824012BF3AE2D00E2975B /* Release */ = {
			isa = XCBuildConfiguration;
			buildSettings = {
				ALWAYS_SEARCH_USER_PATHS = NO;
				ASSETCATALOG_COMPILER_GENERATE_SWIFT_ASSET_SYMBOL_EXTENSIONS = YES;
				CLANG_ANALYZER_NONNULL = YES;
				CLANG_ANALYZER_NUMBER_OBJECT_CONVERSION = YES_AGGRESSIVE;
				CLANG_CXX_LANGUAGE_STANDARD = "gnu++20";
				CLANG_ENABLE_MODULES = YES;
				CLANG_ENABLE_OBJC_ARC = YES;
				CLANG_ENABLE_OBJC_WEAK = YES;
				CLANG_WARN_BLOCK_CAPTURE_AUTORELEASING = YES;
				CLANG_WARN_BOOL_CONVERSION = YES;
				CLANG_WARN_COMMA = YES;
				CLANG_WARN_CONSTANT_CONVERSION = YES;
				CLANG_WARN_DEPRECATED_OBJC_IMPLEMENTATIONS = YES;
				CLANG_WARN_DIRECT_OBJC_ISA_USAGE = YES_ERROR;
				CLANG_WARN_DOCUMENTATION_COMMENTS = YES;
				CLANG_WARN_EMPTY_BODY = YES;
				CLANG_WARN_ENUM_CONVERSION = YES;
				CLANG_WARN_INFINITE_RECURSION = YES;
				CLANG_WARN_INT_CONVERSION = YES;
				CLANG_WARN_NON_LITERAL_NULL_CONVERSION = YES;
				CLANG_WARN_OBJC_IMPLICIT_RETAIN_SELF = YES;
				CLANG_WARN_OBJC_LITERAL_CONVERSION = YES;
				CLANG_WARN_OBJC_ROOT_CLASS = YES_ERROR;
				CLANG_WARN_QUOTED_INCLUDE_IN_FRAMEWORK_HEADER = YES;
				CLANG_WARN_RANGE_LOOP_ANALYSIS = YES;
				CLANG_WARN_STRICT_PROTOTYPES = YES;
				CLANG_WARN_SUSPICIOUS_MOVE = YES;
				CLANG_WARN_UNGUARDED_AVAILABILITY = YES_AGGRESSIVE;
				CLANG_WARN_UNREACHABLE_CODE = YES;
				CLANG_WARN__DUPLICATE_METHOD_MATCH = YES;
				COPY_PHASE_STRIP = NO;
				DEBUG_INFORMATION_FORMAT = "dwarf-with-dsym";
				ENABLE_NS_ASSERTIONS = NO;
				ENABLE_STRICT_OBJC_MSGSEND = YES;
				ENABLE_USER_SCRIPT_SANDBOXING = YES;
				GCC_C_LANGUAGE_STANDARD = gnu17;
				GCC_NO_COMMON_BLOCKS = YES;
				GCC_WARN_64_TO_32_BIT_CONVERSION = YES;
				GCC_WARN_ABOUT_RETURN_TYPE = YES_ERROR;
				GCC_WARN_UNDECLARED_SELECTOR = YES;
				GCC_WARN_UNINITIALIZED_AUTOS = YES_AGGRESSIVE;
				GCC_WARN_UNUSED_FUNCTION = YES;
				GCC_WARN_UNUSED_VARIABLE = YES;
				LOCALIZATION_PREFERS_STRING_CATALOGS = YES;
				MACOSX_DEPLOYMENT_TARGET = 14.4;
				MTL_ENABLE_DEBUG_INFO = NO;
				MTL_FAST_MATH = YES;
				SDKROOT = macosx;
				SWIFT_COMPILATION_MODE = wholemodule;
			};
			name = Release;
		};
		F5B824032BF3AE2D00E2975B /* Debug */ = {
			isa = XCBuildConfiguration;
			buildSettings = {
				ASSETCATALOG_COMPILER_APPICON_NAME = AppIcon;
				ASSETCATALOG_COMPILER_GLOBAL_ACCENT_COLOR_NAME = AccentColor;
				CODE_SIGN_ENTITLEMENTS = "LMStudio-mac-app/LMStudio_mac_app.entitlements";
				CODE_SIGN_STYLE = Automatic;
				COMBINE_HIDPI_IMAGES = YES;
				CURRENT_PROJECT_VERSION = 1;
				DEVELOPMENT_ASSET_PATHS = "\"LMStudio-mac-app/Preview Content\"";
				DEVELOPMENT_TEAM = RFHB3HM9HS;
				ENABLE_HARDENED_RUNTIME = YES;
				ENABLE_PREVIEWS = YES;
				GENERATE_INFOPLIST_FILE = YES;
				INFOPLIST_KEY_NSHumanReadableCopyright = "";
				LD_RUNPATH_SEARCH_PATHS = (
					"$(inherited)",
					"@executable_path/../Frameworks",
				);
				MARKETING_VERSION = 1.0;
				PRODUCT_BUNDLE_IDENTIFIER = "com.am.LMStudio-mac-app";
				PRODUCT_NAME = "$(TARGET_NAME)";
				SWIFT_EMIT_LOC_STRINGS = YES;
				SWIFT_VERSION = 5.0;
			};
			name = Debug;
		};
		F5B824042BF3AE2D00E2975B /* Release */ = {
			isa = XCBuildConfiguration;
			buildSettings = {
				ASSETCATALOG_COMPILER_APPICON_NAME = AppIcon;
				ASSETCATALOG_COMPILER_GLOBAL_ACCENT_COLOR_NAME = AccentColor;
				CODE_SIGN_ENTITLEMENTS = "LMStudio-mac-app/LMStudio_mac_app.entitlements";
				CODE_SIGN_STYLE = Automatic;
				COMBINE_HIDPI_IMAGES = YES;
				CURRENT_PROJECT_VERSION = 1;
				DEVELOPMENT_ASSET_PATHS = "\"LMStudio-mac-app/Preview Content\"";
				DEVELOPMENT_TEAM = RFHB3HM9HS;
				ENABLE_HARDENED_RUNTIME = YES;
				ENABLE_PREVIEWS = YES;
				GENERATE_INFOPLIST_FILE = YES;
				INFOPLIST_KEY_NSHumanReadableCopyright = "";
				LD_RUNPATH_SEARCH_PATHS = (
					"$(inherited)",
					"@executable_path/../Frameworks",
				);
				MARKETING_VERSION = 1.0;
				PRODUCT_BUNDLE_IDENTIFIER = "com.am.LMStudio-mac-app";
				PRODUCT_NAME = "$(TARGET_NAME)";
				SWIFT_EMIT_LOC_STRINGS = YES;
				SWIFT_VERSION = 5.0;
			};
			name = Release;
		};
		F5B824062BF3AE2D00E2975B /* Debug */ = {
			isa = XCBuildConfiguration;
			buildSettings = {
				ALWAYS_EMBED_SWIFT_STANDARD_LIBRARIES = YES;
				BUNDLE_LOADER = "$(TEST_HOST)";
				CODE_SIGN_STYLE = Automatic;
				CURRENT_PROJECT_VERSION = 1;
				DEVELOPMENT_TEAM = RFHB3HM9HS;
				GENERATE_INFOPLIST_FILE = YES;
				MACOSX_DEPLOYMENT_TARGET = 14.4;
				MARKETING_VERSION = 1.0;
				PRODUCT_BUNDLE_IDENTIFIER = "com.am.LMStudio-mac-appTests";
				PRODUCT_NAME = "$(TARGET_NAME)";
				SWIFT_EMIT_LOC_STRINGS = NO;
				SWIFT_VERSION = 5.0;
				TEST_HOST = "$(BUILT_PRODUCTS_DIR)/LMStudio-mac-app.app/$(BUNDLE_EXECUTABLE_FOLDER_PATH)/LMStudio-mac-app";
			};
			name = Debug;
		};
		F5B824072BF3AE2D00E2975B /* Release */ = {
			isa = XCBuildConfiguration;
			buildSettings = {
				ALWAYS_EMBED_SWIFT_STANDARD_LIBRARIES = YES;
				BUNDLE_LOADER = "$(TEST_HOST)";
				CODE_SIGN_STYLE = Automatic;
				CURRENT_PROJECT_VERSION = 1;
				DEVELOPMENT_TEAM = RFHB3HM9HS;
				GENERATE_INFOPLIST_FILE = YES;
				MACOSX_DEPLOYMENT_TARGET = 14.4;
				MARKETING_VERSION = 1.0;
				PRODUCT_BUNDLE_IDENTIFIER = "com.am.LMStudio-mac-appTests";
				PRODUCT_NAME = "$(TARGET_NAME)";
				SWIFT_EMIT_LOC_STRINGS = NO;
				SWIFT_VERSION = 5.0;
				TEST_HOST = "$(BUILT_PRODUCTS_DIR)/LMStudio-mac-app.app/$(BUNDLE_EXECUTABLE_FOLDER_PATH)/LMStudio-mac-app";
			};
			name = Release;
		};
		F5B824092BF3AE2D00E2975B /* Debug */ = {
			isa = XCBuildConfiguration;
			buildSettings = {
				ALWAYS_EMBED_SWIFT_STANDARD_LIBRARIES = YES;
				CODE_SIGN_STYLE = Automatic;
				CURRENT_PROJECT_VERSION = 1;
				DEVELOPMENT_TEAM = RFHB3HM9HS;
				GENERATE_INFOPLIST_FILE = YES;
				MARKETING_VERSION = 1.0;
				PRODUCT_BUNDLE_IDENTIFIER = "com.am.LMStudio-mac-appUITests";
				PRODUCT_NAME = "$(TARGET_NAME)";
				SWIFT_EMIT_LOC_STRINGS = NO;
				SWIFT_VERSION = 5.0;
				TEST_TARGET_NAME = "LMStudio-mac-app";
			};
			name = Debug;
		};
		F5B8240A2BF3AE2D00E2975B /* Release */ = {
			isa = XCBuildConfiguration;
			buildSettings = {
				ALWAYS_EMBED_SWIFT_STANDARD_LIBRARIES = YES;
				CODE_SIGN_STYLE = Automatic;
				CURRENT_PROJECT_VERSION = 1;
				DEVELOPMENT_TEAM = RFHB3HM9HS;
				GENERATE_INFOPLIST_FILE = YES;
				MARKETING_VERSION = 1.0;
				PRODUCT_BUNDLE_IDENTIFIER = "com.am.LMStudio-mac-appUITests";
				PRODUCT_NAME = "$(TARGET_NAME)";
				SWIFT_EMIT_LOC_STRINGS = NO;
				SWIFT_VERSION = 5.0;
				TEST_TARGET_NAME = "LMStudio-mac-app";
			};
			name = Release;
		};
/* End XCBuildConfiguration section */

/* Begin XCConfigurationList section */
		F5B823D82BF3AE2B00E2975B /* Build configuration list for PBXProject "LMStudio-mac-app" */ = {
			isa = XCConfigurationList;
			buildConfigurations = (
				F5B824002BF3AE2D00E2975B /* Debug */,
				F5B824012BF3AE2D00E2975B /* Release */,
			);
			defaultConfigurationIsVisible = 0;
			defaultConfigurationName = Release;
		};
		F5B824022BF3AE2D00E2975B /* Build configuration list for PBXNativeTarget "LMStudio-mac-app" */ = {
			isa = XCConfigurationList;
			buildConfigurations = (
				F5B824032BF3AE2D00E2975B /* Debug */,
				F5B824042BF3AE2D00E2975B /* Release */,
			);
			defaultConfigurationIsVisible = 0;
			defaultConfigurationName = Release;
		};
		F5B824052BF3AE2D00E2975B /* Build configuration list for PBXNativeTarget "LMStudio-mac-appTests" */ = {
			isa = XCConfigurationList;
			buildConfigurations = (
				F5B824062BF3AE2D00E2975B /* Debug */,
				F5B824072BF3AE2D00E2975B /* Release */,
			);
			defaultConfigurationIsVisible = 0;
			defaultConfigurationName = Release;
		};
		F5B824082BF3AE2D00E2975B /* Build configuration list for PBXNativeTarget "LMStudio-mac-appUITests" */ = {
			isa = XCConfigurationList;
			buildConfigurations = (
				F5B824092BF3AE2D00E2975B /* Debug */,
				F5B8240A2BF3AE2D00E2975B /* Release */,
			);
			defaultConfigurationIsVisible = 0;
			defaultConfigurationName = Release;
		};
/* End XCConfigurationList section */
	};
	rootObject = F5B823D52BF3AE2B00E2975B /* Project object */;
}
